github.com/JohannesKaufmann/html-to-markdown v1.6.0 h1:04VXMiE50YYfCfLboJCLcgqF5x+rHJnb1ssNmqpLH/k=
github.com/PuerkitoBio/goquery v1.9.2 h1:4/wZksC3KgkQw7SQgkKotmKljk0M6V8TUvA8Wb4yPeE=
github.com/andybalholm/cascadia v1.3.3 h1:AG2YHrzJIm4BZ19iwJ/DAua6Btl3IwJX+VI4kktS1LM=
github.com/araddon/dateparse v0.0.0-20210429162001-6b43995a97de h1:FxWPpzIjnTlhPwqqXc4/vE0f7GvRjuAsbW+HOIe8KnA=
github.com/beorn7/perks v1.0.0 h1:HWo1m869IqiPhD389kmkxeTalrjNbbJTC8LXupb+sl0=
github.com/boltdb/bolt v1.3.1 h1:JQmyP4ZBrce+ZQu0dY660FMfatumYDLun9hBCUVIkF4=
github.com/cayleygraph/cayley v0.7.7 h1:z+7xkAbg6bKiXJOtOkEG3zCm2K084sr/aGwFV7xcQNs=
github.com/cayleygraph/quad v1.1.0 h1:w1nXAmn+nz07+qlw89dke9LwWkYpeX+OcvfTvGQRBpM=
github.com/chromedp/cdproto v0.0.0-20250724212937-08a3db8b4327 h1:UQ4AU+BGti3Sy/aLU8KVseYKNALcX9UXY6DfpwQ6J8E=
github.com/chromedp/chromedp v0.14.0 h1:/xE5m6wEBwivhalHwlCOyYfBcAJNwg4nLw96QiCfYr0=
github.com/chromedp/sysutil v1.1.0 h1:PUFNv5EcprjqXZD9nJb9b/c9ibAbxiYo4exNWZyipwM=
github.com/cznic/mathutil v0.0.0-20170313102836-1447ad269d64 h1:oad14P7M0/ZAPSMH1nl1vC8zdKVkA3kfHLO59z1l8Eg=
github.com/d4l3k/messagediff v1.2.1 h1:ZcAIMYsUg0EAp9X+tt8/enBE/Q8Yd5kzPynLyKptt9U=
github.com/davecgh/go-spew v1.1.1 h1:vj9j/u1bqnvCEfJOwUhtlOARqs3+rkHYY13jYWTU97c=
github.com/dennwc/base v1.0.0 h1:xlBzvBNRvkQ1LFI/jom7rr0vZsvYDKtvMM6lIpjFb3M=
github.com/dlclark/regexp2 v1.1.4 h1:1udHhhGkIMplSrLeMJpPN7BHz1Iq2wVBUcb+3fxzhQM=
github.com/dop251/goja v0.0.0-20190105122144-6d5bf35058fa h1:cA2OMt2CQ2yq2WhQw16mHv6ej9YY07H4pzfR/z/y+1Q=
github.com/go-json-experiment/json v0.0.0-20250725192818-e39067aee2d2 h1:iizUGZ9pEquQS5jTGkh4AqeeHCMbfbjeb0zMt0aEFzs=
github.com/go-ole/go-ole v1.2.6 h1:/Fpf6oFPoeFik9ty7siob0G6Ke8QvQEuVcuChpwXzpY=
github.com/go-shiori/dom v0.0.0-20230515143342-73569d674e1c h1:wpkoddUomPfHiOziHZixGO5ZBS73cKqVzZipfrLmO1w=
github.com/go-shiori/go-readability v0.0.0-20251205110129-5db1dc9836f0 h1:A3B75Yp163FAIf9nLlFMl4pwIj+T3uKxfI7mbvvY2Ls=
github.com/go-sourcemap/sourcemap v2.1.2+incompatible h1:0b/xya7BKGhXuqFESKM4oIiRo9WOt2ebz7KxfreD6ug=
github.com/gobuffalo/envy v1.7.1 h1:OQl5ys5MBea7OGCdvPbBJWRgnhC/fGona6QKfvFeau8=
github.com/gobuffalo/logger v1.0.1 h1:ZEgyRGgAm4ZAhAO45YXMs5Fp+bzGLESFewzAVBMKuTg=
github.com/gobuffalo/packd v0.3.0 h1:eMwymTkA1uXsqxS0Tpoop3Lc0u3kTfiMBE6nKtQU4g4=
github.com/gobuffalo/packr/v2 v2.7.1 h1:n3CIW5T17T8v4GGK5sWXLVWJhCz7b5aNLSxW6gYim4o=
github.com/gobwas/httphead v0.1.0 h1:exrUm0f4YX0L7EBwZHuCF4GDp8aJfVeBrlLQrs6NqWU=
github.com/gobwas/pool v0.2.1 h1:xfeeEhW7pwmX8nuLVlqbzVc7udMDrwetjEv+TZIz1og=
github.com/gobwas/ws v1.4.0 h1:CTaoG1tojrh4ucGPcoJFiAQUAsEWekEWvLy7GsVNqGs=
github.com/gogo/protobuf v1.3.0 h1:G8O7TerXerS4F6sx9OV7/nRfJdnXgHZu/S/7F2SN+UE=
github.com/gogs/chardet v0.0.0-20211120154057-b7413eaefb8f h1:3BSP1Tbs2djlpprl7wCLuiqMaUh5SJkkzI2gDs+FgLs=
github.com/golang/protobuf v1.5.0 h1:LUVKkCeviFUMKqHa4tXIIij/lbhnMbP7Fn5wKdKkRh4=
github.com/google/go-cmp v0.7.0 h1:wk8382ETsv4JYUZwIsn6YpYiWiBsYLSJiTsyBybVuN8=
github.com/hidal-go/hidalgo v0.0.0-20190814174001-42e03f3b5eaa h1:hBE4LGxApbZiV/3YoEPv7uYlUMWOogG1hwtkpiU87zQ=
github.com/inconshreveable/mousetrap v1.1.0 h1:wN+x4NVGpMsO7ErUn/mUI3vEoE6Jt13X2s0bqwp9tc8=
github.com/jackc/pgpassfile v1.0.0 h1:/6Hmqy13Ss2zCq62VdNG8tM1wchn8zjSGOBJ6icpsIM=
github.com/jackc/pgservicefile v0.0.0-20240606120523-5a60cdf6a761 h1:iCEnooe7UlwOQYpKFhBabPMi4aNAfoODPEFNiAnClxo=
github.com/jackc/pgx/v5 v5.6.0 h1:SWJzexBzPL5jb0GEsrPMLIsi/3jOo7RHlzTjcAeDrPY=
github.com/jackc/puddle/v2 v2.2.2 h1:PR8nw+E/1w0GLuRFSmiioY6UooMp6KJv0/61nB7icHo=
github.com/jinzhu/inflection v1.0.0 h1:K317FqzuhWc8YvSVlFMCCUb36O/S9MCKRDI7QkRKD/E=
github.com/jinzhu/now v1.1.5 h1:/o9tlHleP7gOFmsnYNz3RGnqzefHA47wQpKrrdTIwXQ=
github.com/joho/godotenv v1.3.0 h1:Zjp+RcGpHhGlrMbJzXTrZZPrWj+1vfm90La1wgB6Bhc=
github.com/ledongthuc/pdf v0.0.0-20250511090121-5959a4027728 h1:QwWKgMY28TAXaDl+ExRDqGQltzXqN/xypdKP86niVn8=
github.com/linkeddata/gojsonld v0.0.0-20170418210642-4f5db6791326 h1:YP3lfXXYiQV5MKeUqVnxRP5uuMQTLPx+PGYm1UBoU98=
github.com/lufia/plan9stats v0.0.0-20211012122336-39d0f177ccd0 h1:6E+4a0GO5zZEnZ81pIr0yLvtUWk2if982qA3F3QD6H4=
github.com/matttproud/golang_protobuf_extensions v1.0.1 h1:4hp9jkHxhMHkqkrB3Ix0jegS5sx/RkqARlsWZ6pIwiU=
github.com/neo4j/neo4j-go-driver/v6 v6.0.0 h1:xVAi6YLOfzXUx+1Lc/F2dUhpbN76BfKleZbAlnDFRiA=
github.com/orisano/pixelmatch v0.0.0-20220722002657-fb0b55479cde h1:x0TT0RDC7UhAVbbWWBzr41ElhJx5tXPWkIHA2HWPRuw=
github.com/pmezard/go-difflib v1.0.0 h1:4DBwDE0NGyQoBHbLQYPwSUPoCMWR5BEzIk/f1lZbAQM=
github.com/power-devops/perfstat v0.0.0-20210106213030-5aafc221ea8c h1:ncq/mPwQF4JjgDlrVEn3C11VoGHZN7m8qihwgMEtzYw=
github.com/prometheus/client_golang v0.9.3 h1:9iH4JKXLzFbOAdtqv/a+j8aewx2Y8lAjAydhbaScPF8=
github.com/prometheus/client_model v0.0.0-20190129233127-fd36f4220a90 h1:S/YWwWx/RA8rT8tKFRuGUZhuA90OyIBpPCXkcbwU8DE=
github.com/prometheus/common v0.4.0 h1:7etb9YClo3a6HjLzfl6rIQaU+FDfi0VSX39io3aQ+DM=
github.com/prometheus/procfs v0.0.0-20190507164030-5867b95ac084 h1:sofwID9zm4tzrgykg80hfFph1mryUeLRsUfoocVVmRY=
github.com/rogpeppe/go-internal v1.10.0 h1:TMyTOH3F/DB16zRVcYyreMH6GnZZrwQVAoYjRBZyWFQ=
github.com/sebdah/goldie/v2 v2.5.3 h1:9ES/mNN+HNUbNWpVAlrzuZ7jE+Nrczbj8uFRjM7624Y=
github.com/sergi/go-diff v1.3.1 h1:xkr+Oxo4BOQKmkn/B9eMK0g5Kg/983T9DqqPHwYqD+8=
github.com/shirou/gopsutil/v3 v3.24.5 h1:i0t8kL+kQTvpAYToeuiVk3TgDeKOFioZO3Ztz/iZ9pI=
github.com/shoenig/go-m1cpu v0.1.6 h1:nxdKQNcEB6vzgA2E2bvzKIYRuNj7XNJ4S/aRSwKzFtM=
github.com/shoenig/test v0.6.4 h1:kVTaSd7WLz5WZ2IaoM0RSzRsUD+m8wRR+5qvntpn4LU=
github.com/sirupsen/logrus v1.9.3 h1:dueUQJ1C2q9oE3F7wvmSGAaVtTmUizReu6fjN8uqzbQ=
github.com/spf13/cobra v1.8.1 h1:e5/vxKd/rZsfSJMUX1agtjeTDf+qv1/JdBF8gg5k9ZM=
github.com/spf13/pflag v1.0.6 h1:jFzHGLGAlb3ruxLB8MhbI6A8+AQX/2eW4qeyNZXNp2o=
github.com/stretchr/testify v1.11.1 h1:7s2iGBzp5EwR7/aIZr8ao5+dra3wiQyKjjFuvgVKu7U=
github.com/tidwall/gjson v1.18.0 h1:FIDeeyB800efLX89e5a8Y0BNH+LOngJyGrIWxG2FKQY=
github.com/tidwall/match v1.1.1 h1:+Ho715JplO36QYgwN9PGYNhgZvoUSc9X2c80KVTi+GA=
github.com/tidwall/pretty v1.2.0 h1:RWIZEg2iJ8/g6fDDYzMpobmaoGh5OLl4AXtGUGPcqCs=
github.com/tklauser/go-sysconf v0.3.12 h1:0QaGUFOdQaIVdPgfITYzaTegZvdCjmYO52cSFAEVmqU=
github.com/tklauser/numcpus v0.6.1 h1:ng9scYS7az0Bk4OZLvrNXNSAO2Pxr1XXRAPyjhIx+Fk=
github.com/tylertreat/BoomFilters v0.0.0-20181028192813-611b3dbe80e8 h1:7X4KYG3guI2mPQGxm/ZNNsiu4BjKnef0KG0TblMC+Z8=
github.com/yuin/goldmark v1.7.1 h1:3bajkSilaCbjdKVsKdZjZCLBNPL9pYzrCakKaf4U49U=
github.com/yusufpapurcu/wmi v1.2.4 h1:zFUKzehAFReQwLys1b/iSMl+JQGSCSjtVqQn9bBrPo0=
golang.org/x/crypto v0.49.0 h1:+Ng2ULVvLHnJ/ZFEq4KdcDd/cfjrrjjNSXNzxg0Y4U4=
golang.org/x/net v0.52.0 h1:He/TN1l0e4mmR3QqHMT2Xab3Aj3L9qjbhRm78/6jrW0=
golang.org/x/sync v0.20.0 h1:e0PTpb7pjO8GAtTs2dQ6jYa5BWYlMuX047Dco/pItO4=
golang.org/x/sys v0.42.0 h1:omrd2nAlyT5ESRdCLYdm3+fMfNFE/+Rf4bDIQImRJeo=
golang.org/x/term v0.41.0 h1:QCgPso/Q3RTJx2Th4bDLqML4W6iJiaXFq2/ftQF13YU=
golang.org/x/text v0.35.0 h1:JOVx6vVDFokkpaq1AEptVzLTpDe9KGpj5tR4/X+ybL8=
golang.org/x/tools v0.42.0 h1:uNgphsn75Tdz5Ji2q36v/nsFSfR/9BRFvqhGBaJGd5k=
google.golang.org/protobuf v1.36.10 h1:AYd7cD/uASjIL6Q9LiTjz8JLcrh/88q5UObnmY3aOOE=
gopkg.in/yaml.v2 v2.4.0 h1:D8xgwECY7CYvx+Y2n4sBz93Jn9JRvxdiyyo8CTfuKaY=
gopkg.in/yaml.v3 v3.0.1 h1:fxVm/GzAzEWqLHuvctI91KS9hhNmmWOoWu0XTYJS7CA=
gorm.io/driver/postgres v1.6.0 h1:2dxzU8xJ+ivvqTRph34QX+WrRaJlmfyPqXmoGVjMBa4=
gorm.io/gorm v1.31.1 h1:7CA8FTFz/gRfgqgpeKIBcervUn3xSyPUmr6B2WXJ7kg=
